
Microsoft Visual Studio Solution File, Format Version 12.00
# Visual Studio Version 17
VisualStudioVersion = 17.5.002.0
MinimumVisualStudioVersion = 10.0.40219.1
Project("{2150E333-8FDC-42A3-9474-1A3956D46DE8}") = "server", "server", "{A15D8DF5-B191-4F65-ADB6-D265AF160171}"
EndProject
Project("{9A19103F-16F7-4668-BE54-9A1E7A4F7556}") = "FakeBookApi", "server\FakeBookApi\FakeBookApi.csproj", "{AD810094-1443-4986-8E74-BFE8A903444D}"
EndProject
Global
	GlobalSection(SolutionConfigurationPlatforms) = preSolution
		Debug|Any CPU = Debug|Any CPU
		Release|Any CPU = Release|Any CPU
	EndGlobalSection
	GlobalSection(ProjectConfigurationPlatforms) = postSolution
		{AD810094-1443-4986-8E74-BFE8A903444D}.Debug|Any CPU.ActiveCfg = Debug|Any CPU
		{AD810094-1443-4986-8E74-BFE8A903444D}.Debug|Any CPU.Build.0 = Debug|Any CPU
		{AD810094-1443-4986-8E74-BFE8A903444D}.Release|Any CPU.ActiveCfg = Release|Any CPU
		{AD810094-1443-4986-8E74-BFE8A903444D}.Release|Any CPU.Build.0 = Release|Any CPU
	EndGlobalSection
	GlobalSection(SolutionProperties) = preSolution
		HideSolutionNode = FALSE
	EndGlobalSection
	GlobalSection(NestedProjects) = preSolution
		{AD810094-1443-4986-8E74-BFE8A903444D} = {A15D8DF5-B191-4F65-ADB6-D265AF160171}
	EndGlobalSection
	GlobalSection(ExtensibilityGlobals) = postSolution
		SolutionGuid = {15CC3404-A8D2-42AB-A068-769972E6DBD5}
	EndGlobalSection
EndGlobal
